
Microsoft Visual Studio Solution File, Format Version 12.00
Project("{FAE04EC0-301F-11D3-BF4B-00C04F79EFBC}") = "PlayerManager3", "PlayerManager3\PlayerManager3.csproj", "{0DBD193C-199E-4B4B-AB41-EE57265AB40C}"
EndProject
Project("{FAE04EC0-301F-11D3-BF4B-00C04F79EFBC}") = "PlayerManager4", "PlayerManager4\PlayerManager4.csproj", "{80D3873E-7F1F-45EC-893B-42704F46429F}"
EndProject
Global
	GlobalSection(SolutionConfigurationPlatforms) = preSolution
		Debug|Any CPU = Debug|Any CPU
		Release|Any CPU = Release|Any CPU
	EndGlobalSection
	GlobalSection(ProjectConfigurationPlatforms) = postSolution
		{0DBD193C-199E-4B4B-AB41-EE57265AB40C}.Debug|Any CPU.ActiveCfg = Debug|Any CPU
		{0DBD193C-199E-4B4B-AB41-EE57265AB40C}.Debug|Any CPU.Build.0 = Debug|Any CPU
		{80D3873E-7F1F-45EC-893B-42704F46429F}.Debug|Any CPU.ActiveCfg = Debug|Any CPU
		{80D3873E-7F1F-45EC-893B-42704F46429F}.Debug|Any CPU.Build.0 = Debug|Any CPU
		{80D3873E-7F1F-45EC-893B-42704F46429F}.Release|Any CPU.ActiveCfg = Release|Any CPU
		{80D3873E-7F1F-45EC-893B-42704F46429F}.Release|Any CPU.Build.0 = Release|Any CPU
	EndGlobalSection
EndGlobal
